
Microsoft Visual Studio Solution File, Format Version 12.00
# Visual Studio Version 17
VisualStudioVersion = 17.6.33723.286
MinimumVisualStudioVersion = 10.0.40219.1
Project("{FAE04EC0-301F-11D3-BF4B-00C04F79EFBC}") = "AntarcticaTravels", "AntarcticaTravels\AntarcticaTravels.csproj", "{9C9B0F2B-8C4B-4531-A8BE-36DB6912DD34}"
EndProject
Global
	GlobalSection(SolutionConfigurationPlatforms) = preSolution
		Debug|Any CPU = Debug|Any CPU
		Release|Any CPU = Release|Any CPU
	EndGlobalSection
	GlobalSection(ProjectConfigurationPlatforms) = postSolution
		{9C9B0F2B-8C4B-4531-A8BE-36DB6912DD34}.Debug|Any CPU.ActiveCfg = Debug|Any CPU
		{9C9B0F2B-8C4B-4531-A8BE-36DB6912DD34}.Debug|Any CPU.Build.0 = Debug|Any CPU
		{9C9B0F2B-8C4B-4531-A8BE-36DB6912DD34}.Release|Any CPU.ActiveCfg = Release|Any CPU
		{9C9B0F2B-8C4B-4531-A8BE-36DB6912DD34}.Release|Any CPU.Build.0 = Release|Any CPU
	EndGlobalSection
	GlobalSection(SolutionProperties) = preSolution
		HideSolutionNode = FALSE
	EndGlobalSection
	GlobalSection(ExtensibilityGlobals) = postSolution
		SolutionGuid = {34C04C4C-F012-45A3-A905-030A83710959}
	EndGlobalSection
EndGlobal
